
Microsoft Visual Studio Solution File, Format Version 12.00
# Visual Studio Version 17
VisualStudioVersion = 17.5.33414.496
MinimumVisualStudioVersion = 10.0.40219.1
Project("{FAE04EC0-301F-11D3-BF4B-00C04F79EFBC}") = "WebApplicationSym", "WebApplicationSym\WebApplicationSym.csproj", "{231348FA-FBAE-4378-8F16-84066AB6B5F1}"
EndProject
Global
	GlobalSection(SolutionConfigurationPlatforms) = preSolution
		Debug|Any CPU = Debug|Any CPU
		Release|Any CPU = Release|Any CPU
	EndGlobalSection
	GlobalSection(ProjectConfigurationPlatforms) = postSolution
		{231348FA-FBAE-4378-8F16-84066AB6B5F1}.Debug|Any CPU.ActiveCfg = Debug|Any CPU
		{231348FA-FBAE-4378-8F16-84066AB6B5F1}.Debug|Any CPU.Build.0 = Debug|Any CPU
		{231348FA-FBAE-4378-8F16-84066AB6B5F1}.Release|Any CPU.ActiveCfg = Release|Any CPU
		{231348FA-FBAE-4378-8F16-84066AB6B5F1}.Release|Any CPU.Build.0 = Release|Any CPU
	EndGlobalSection
	GlobalSection(SolutionProperties) = preSolution
		HideSolutionNode = FALSE
	EndGlobalSection
	GlobalSection(ExtensibilityGlobals) = postSolution
		SolutionGuid = {075B50E9-7EEA-4339-8C71-FD8825EBF03C}
	EndGlobalSection
EndGlobal
